version = 1
revision = 2
requires-python = ">=3.9"

[[package]]
name = "cache-simulator"
version = "2.0.1"
source = { editable = "." }

[package.dev-dependencies]
dev = [
    { name = "coverage" },
    { name = "isort" },
    { name = "nose2" },
    { name = "ruff" },
    { name = "tomli" },
    { name = "typing-extensions" },
]

[package.metadata]

[package.metadata.requires-dev]
dev = [
    { name = "coverage", specifier = "==7.6.10" },
    { name = "isort", specifier = "==5.13.2" },
    { name = "nose2", specifier = "==0.15.1" },
    { name = "ruff", specifier = "==0.12.0" },
    { name = "tomli", specifier = "==2.2.1" },
    { name = "typing-extensions", specifier = "==4.12.2" },
]

[[package]]
name = "coverage"
version = "7.6.10"
source = { registry = "https://pypi.org/simple" }
sdist = { url = "https://files.pythonhosted.org/packages/84/ba/ac14d281f80aab516275012e8875991bb06203957aa1e19950139238d658/coverage-7.6.10.tar.gz", hash = "sha256:7fb105327c8f8f0682e29843e2ff96af9dcbe5bab8eeb4b398c6a33a16d80a23", size = 803868, upload-time = "2024-12-26T16:59:18.734Z" }
wheels = [
    { url = "https://files.pythonhosted.org/packages/c5/12/2a2a923edf4ddabdffed7ad6da50d96a5c126dae7b80a33df7310e329a1e/coverage-7.6.10-cp310-cp310-macosx_10_9_x86_64.whl", hash = "sha256:5c912978f7fbf47ef99cec50c4401340436d200d41d714c7a4766f377c5b7b78", size = 207982, upload-time = "2024-12-26T16:57:00.767Z" },
    { url = "https://files.pythonhosted.org/packages/ca/49/6985dbca9c7be3f3cb62a2e6e492a0c88b65bf40579e16c71ae9c33c6b23/coverage-7.6.10-cp310-cp310-macosx_11_0_arm64.whl", hash = "sha256:a01ec4af7dfeb96ff0078ad9a48810bb0cc8abcb0115180c6013a6b26237626c", size = 208414, upload-time = "2024-12-26T16:57:03.826Z" },
    { url = "https://files.pythonhosted.org/packages/35/93/287e8f1d1ed2646f4e0b2605d14616c9a8a2697d0d1b453815eb5c6cebdb/coverage-7.6.10-cp310-cp310-manylinux_2_17_aarch64.manylinux2014_aarch64.whl", hash = "sha256:a3b204c11e2b2d883946fe1d97f89403aa1811df28ce0447439178cc7463448a", size = 236860, upload-time = "2024-12-26T16:57:06.509Z" },
    { url = "https://files.pythonhosted.org/packages/de/e1/cfdb5627a03567a10031acc629b75d45a4ca1616e54f7133ca1fa366050a/coverage-7.6.10-cp310-cp310-manylinux_2_5_i686.manylinux1_i686.manylinux_2_17_i686.manylinux2014_i686.whl", hash = "sha256:32ee6d8491fcfc82652a37109f69dee9a830e9379166cb73c16d8dc5c2915165", size = 234758, upload-time = "2024-12-26T16:57:09.089Z" },
    { url = "https://files.pythonhosted.org/packages/6d/85/fc0de2bcda3f97c2ee9fe8568f7d48f7279e91068958e5b2cc19e0e5f600/coverage-7.6.10-cp310-cp310-manylinux_2_5_x86_64.manylinux1_x86_64.manylinux_2_17_x86_64.manylinux2014_x86_64.whl", hash = "sha256:675cefc4c06e3b4c876b85bfb7c59c5e2218167bbd4da5075cbe3b5790a28988", size = 235920, upload-time = "2024-12-26T16:57:10.445Z" },
    { url = "https://files.pythonhosted.org/packages/79/73/ef4ea0105531506a6f4cf4ba571a214b14a884630b567ed65b3d9c1975e1/coverage-7.6.10-cp310-cp310-musllinux_1_2_aarch64.whl", hash = "sha256:f4f620668dbc6f5e909a0946a877310fb3d57aea8198bde792aae369ee1c23b5", size = 234986, upload-time = "2024-12-26T16:57:13.298Z" },
    { url = "https://files.pythonhosted.org/packages/c6/4d/75afcfe4432e2ad0405c6f27adeb109ff8976c5e636af8604f94f29fa3fc/coverage-7.6.10-cp310-cp310-musllinux_1_2_i686.whl", hash = "sha256:4eea95ef275de7abaef630c9b2c002ffbc01918b726a39f5a4353916ec72d2f3", size = 233446, upload-time = "2024-12-26T16:57:14.742Z" },
    { url = "https://files.pythonhosted.org/packages/86/5b/efee56a89c16171288cafff022e8af44f8f94075c2d8da563c3935212871/coverage-7.6.10-cp310-cp310-musllinux_1_2_x86_64.whl", hash = "sha256:e2f0280519e42b0a17550072861e0bc8a80a0870de260f9796157d3fca2733c5", size = 234566, upload-time = "2024-12-26T16:57:17.368Z" },
    { url = "https://files.pythonhosted.org/packages/f2/db/67770cceb4a64d3198bf2aa49946f411b85ec6b0a9b489e61c8467a4253b/coverage-7.6.10-cp310-cp310-win32.whl", hash = "sha256:bc67deb76bc3717f22e765ab3e07ee9c7a5e26b9019ca19a3b063d9f4b874244", size = 210675, upload-time = "2024-12-26T16:57:18.775Z" },
    { url = "https://files.pythonhosted.org/packages/8d/27/e8bfc43f5345ec2c27bc8a1fa77cdc5ce9dcf954445e11f14bb70b889d14/coverage-7.6.10-cp310-cp310-win_amd64.whl", hash = "sha256:0f460286cb94036455e703c66988851d970fdfd8acc2a1122ab7f4f904e4029e", size = 211518, upload-time = "2024-12-26T16:57:21.415Z" },
    { url = "https://files.pythonhosted.org/packages/85/d2/5e175fcf6766cf7501a8541d81778fd2f52f4870100e791f5327fd23270b/coverage-7.6.10-cp311-cp311-macosx_10_9_x86_64.whl", hash = "sha256:ea3c8f04b3e4af80e17bab607c386a830ffc2fb88a5484e1df756478cf70d1d3", size = 208088, upload-time = "2024-12-26T16:57:22.833Z" },
    { url = "https://files.pythonhosted.org/packages/4b/6f/06db4dc8fca33c13b673986e20e466fd936235a6ec1f0045c3853ac1b593/coverage-7.6.10-cp311-cp311-macosx_11_0_arm64.whl", hash = "sha256:507a20fc863cae1d5720797761b42d2d87a04b3e5aeb682ef3b7332e90598f43", size = 208536, upload-time = "2024-12-26T16:57:25.578Z" },
    { url = "https://files.pythonhosted.org/packages/0d/62/c6a0cf80318c1c1af376d52df444da3608eafc913b82c84a4600d8349472/coverage-7.6.10-cp311-cp311-manylinux_2_17_aarch64.manylinux2014_aarch64.whl", hash = "sha256:d37a84878285b903c0fe21ac8794c6dab58150e9359f1aaebbeddd6412d53132", size = 240474, upload-time = "2024-12-26T16:57:28.659Z" },
    { url = "https://files.pythonhosted.org/packages/a3/59/750adafc2e57786d2e8739a46b680d4fb0fbc2d57fbcb161290a9f1ecf23/coverage-7.6.10-cp311-cp311-manylinux_2_5_i686.manylinux1_i686.manylinux_2_17_i686.manylinux2014_i686.whl", hash = "sha256:a534738b47b0de1995f85f582d983d94031dffb48ab86c95bdf88dc62212142f", size = 237880, upload-time = "2024-12-26T16:57:30.095Z" },
    { url = "https://files.pythonhosted.org/packages/2c/f8/ef009b3b98e9f7033c19deb40d629354aab1d8b2d7f9cfec284dbedf5096/coverage-7.6.10-cp311-cp311-manylinux_2_5_x86_64.manylinux1_x86_64.manylinux_2_17_x86_64.manylinux2014_x86_64.whl", hash = "sha256:0d7a2bf79378d8fb8afaa994f91bfd8215134f8631d27eba3e0e2c13546ce994", size = 239750, upload-time = "2024-12-26T16:57:31.48Z" },
    { url = "https://files.pythonhosted.org/packages/a6/e2/6622f3b70f5f5b59f705e680dae6db64421af05a5d1e389afd24dae62e5b/coverage-7.6.10-cp311-cp311-musllinux_1_2_aarch64.whl", hash = "sha256:6713ba4b4ebc330f3def51df1d5d38fad60b66720948112f114968feb52d3f99", size = 238642, upload-time = "2024-12-26T16:57:34.09Z" },
    { url = "https://files.pythonhosted.org/packages/2d/10/57ac3f191a3c95c67844099514ff44e6e19b2915cd1c22269fb27f9b17b6/coverage-7.6.10-cp311-cp311-musllinux_1_2_i686.whl", hash = "sha256:ab32947f481f7e8c763fa2c92fd9f44eeb143e7610c4ca9ecd6a36adab4081bd", size = 237266, upload-time = "2024-12-26T16:57:35.48Z" },
    { url = "https://files.pythonhosted.org/packages/ee/2d/7016f4ad9d553cabcb7333ed78ff9d27248ec4eba8dd21fa488254dff894/coverage-7.6.10-cp311-cp311-musllinux_1_2_x86_64.whl", hash = "sha256:7bbd8c8f1b115b892e34ba66a097b915d3871db7ce0e6b9901f462ff3a975377", size = 238045, upload-time = "2024-12-26T16:57:36.952Z" },
    { url = "https://files.pythonhosted.org/packages/a7/fe/45af5c82389a71e0cae4546413266d2195c3744849669b0bab4b5f2c75da/coverage-7.6.10-cp311-cp311-win32.whl", hash = "sha256:299e91b274c5c9cdb64cbdf1b3e4a8fe538a7a86acdd08fae52301b28ba297f8", size = 210647, upload-time = "2024-12-26T16:57:39.84Z" },
    { url = "https://files.pythonhosted.org/packages/db/11/3f8e803a43b79bc534c6a506674da9d614e990e37118b4506faf70d46ed6/coverage-7.6.10-cp311-cp311-win_amd64.whl", hash = "sha256:489a01f94aa581dbd961f306e37d75d4ba16104bbfa2b0edb21d29b73be83609", size = 211508, upload-time = "2024-12-26T16:57:41.234Z" },
    { url = "https://files.pythonhosted.org/packages/86/77/19d09ea06f92fdf0487499283b1b7af06bc422ea94534c8fe3a4cd023641/coverage-7.6.10-cp312-cp312-macosx_10_13_x86_64.whl", hash = "sha256:27c6e64726b307782fa5cbe531e7647aee385a29b2107cd87ba7c0105a5d3853", size = 208281, upload-time = "2024-12-26T16:57:42.968Z" },
    { url = "https://files.pythonhosted.org/packages/b6/67/5479b9f2f99fcfb49c0d5cf61912a5255ef80b6e80a3cddba39c38146cf4/coverage-7.6.10-cp312-cp312-macosx_11_0_arm64.whl", hash = "sha256:c56e097019e72c373bae32d946ecf9858fda841e48d82df7e81c63ac25554078", size = 208514, upload-time = "2024-12-26T16:57:45.747Z" },
    { url = "https://files.pythonhosted.org/packages/15/d1/febf59030ce1c83b7331c3546d7317e5120c5966471727aa7ac157729c4b/coverage-7.6.10-cp312-cp312-manylinux_2_17_aarch64.manylinux2014_aarch64.whl", hash = "sha256:c7827a5bc7bdb197b9e066cdf650b2887597ad124dd99777332776f7b7c7d0d0", size = 241537, upload-time = "2024-12-26T16:57:48.647Z" },
    { url = "https://files.pythonhosted.org/packages/4b/7e/5ac4c90192130e7cf8b63153fe620c8bfd9068f89a6d9b5f26f1550f7a26/coverage-7.6.10-cp312-cp312-manylinux_2_5_i686.manylinux1_i686.manylinux_2_17_i686.manylinux2014_i686.whl", hash = "sha256:204a8238afe787323a8b47d8be4df89772d5c1e4651b9ffa808552bdf20e1d50", size = 238572, upload-time = "2024-12-26T16:57:51.668Z" },
    { url = "https://files.pythonhosted.org/packages/dc/03/0334a79b26ecf59958f2fe9dd1f5ab3e2f88db876f5071933de39af09647/coverage-7.6.10-cp312-cp312-manylinux_2_5_x86_64.manylinux1_x86_64.manylinux_2_17_x86_64.manylinux2014_x86_64.whl", hash = "sha256:e67926f51821b8e9deb6426ff3164870976fe414d033ad90ea75e7ed0c2e5022", size = 240639, upload-time = "2024-12-26T16:57:53.175Z" },
    { url = "https://files.pythonhosted.org/packages/d7/45/8a707f23c202208d7b286d78ad6233f50dcf929319b664b6cc18a03c1aae/coverage-7.6.10-cp312-cp312-musllinux_1_2_aarch64.whl", hash = "sha256:e78b270eadb5702938c3dbe9367f878249b5ef9a2fcc5360ac7bff694310d17b", size = 240072, upload-time = "2024-12-26T16:57:56.087Z" },
    { url = "https://files.pythonhosted.org/packages/66/02/603ce0ac2d02bc7b393279ef618940b4a0535b0868ee791140bda9ecfa40/coverage-7.6.10-cp312-cp312-musllinux_1_2_i686.whl", hash = "sha256:714f942b9c15c3a7a5fe6876ce30af831c2ad4ce902410b7466b662358c852c0", size = 238386, upload-time = "2024-12-26T16:57:57.572Z" },
    { url = "https://files.pythonhosted.org/packages/04/62/4e6887e9be060f5d18f1dd58c2838b2d9646faf353232dec4e2d4b1c8644/coverage-7.6.10-cp312-cp312-musllinux_1_2_x86_64.whl", hash = "sha256:abb02e2f5a3187b2ac4cd46b8ced85a0858230b577ccb2c62c81482ca7d18852", size = 240054, upload-time = "2024-12-26T16:57:58.967Z" },
    { url = "https://files.pythonhosted.org/packages/5c/74/83ae4151c170d8bd071924f212add22a0e62a7fe2b149edf016aeecad17c/coverage-7.6.10-cp312-cp312-win32.whl", hash = "sha256:55b201b97286cf61f5e76063f9e2a1d8d2972fc2fcfd2c1272530172fd28c359", size = 210904, upload-time = "2024-12-26T16:58:00.688Z" },
    { url = "https://files.pythonhosted.org/packages/c3/54/de0893186a221478f5880283119fc40483bc460b27c4c71d1b8bba3474b9/coverage-7.6.10-cp312-cp312-win_amd64.whl", hash = "sha256:e4ae5ac5e0d1e4edfc9b4b57b4cbecd5bc266a6915c500f358817a8496739247", size = 211692, upload-time = "2024-12-26T16:58:02.35Z" },
    { url = "https://files.pythonhosted.org/packages/25/6d/31883d78865529257bf847df5789e2ae80e99de8a460c3453dbfbe0db069/coverage-7.6.10-cp313-cp313-macosx_10_13_x86_64.whl", hash = "sha256:05fca8ba6a87aabdd2d30d0b6c838b50510b56cdcfc604d40760dae7153b73d9", size = 208308, upload-time = "2024-12-26T16:58:04.487Z" },
    { url = "https://files.pythonhosted.org/packages/70/22/3f2b129cc08de00c83b0ad6252e034320946abfc3e4235c009e57cfeee05/coverage-7.6.10-cp313-cp313-macosx_11_0_arm64.whl", hash = "sha256:9e80eba8801c386f72e0712a0453431259c45c3249f0009aff537a517b52942b", size = 208565, upload-time = "2024-12-26T16:58:06.774Z" },
    { url = "https://files.pythonhosted.org/packages/97/0a/d89bc2d1cc61d3a8dfe9e9d75217b2be85f6c73ebf1b9e3c2f4e797f4531/coverage-7.6.10-cp313-cp313-manylinux_2_17_aarch64.manylinux2014_aarch64.whl", hash = "sha256:a372c89c939d57abe09e08c0578c1d212e7a678135d53aa16eec4430adc5e690", size = 241083, upload-time = "2024-12-26T16:58:10.27Z" },
    { url = "https://files.pythonhosted.org/packages/4c/81/6d64b88a00c7a7aaed3a657b8eaa0931f37a6395fcef61e53ff742b49c97/coverage-7.6.10-cp313-cp313-manylinux_2_5_i686.manylinux1_i686.manylinux_2_17_i686.manylinux2014_i686.whl", hash = "sha256:ec22b5e7fe7a0fa8509181c4aac1db48f3dd4d3a566131b313d1efc102892c18", size = 238235, upload-time = "2024-12-26T16:58:12.497Z" },
    { url = "https://files.pythonhosted.org/packages/9a/0b/7797d4193f5adb4b837207ed87fecf5fc38f7cc612b369a8e8e12d9fa114/coverage-7.6.10-cp313-cp313-manylinux_2_5_x86_64.manylinux1_x86_64.manylinux_2_17_x86_64.manylinux2014_x86_64.whl", hash = "sha256:26bcf5c4df41cad1b19c84af71c22cbc9ea9a547fc973f1f2cc9a290002c8b3c", size = 240220, upload-time = "2024-12-26T16:58:15.619Z" },
    { url = "https://files.pythonhosted.org/packages/65/4d/6f83ca1bddcf8e51bf8ff71572f39a1c73c34cf50e752a952c34f24d0a60/coverage-7.6.10-cp313-cp313-musllinux_1_2_aarch64.whl", hash = "sha256:4e4630c26b6084c9b3cb53b15bd488f30ceb50b73c35c5ad7871b869cb7365fd", size = 239847, upload-time = "2024-12-26T16:58:17.126Z" },
    { url = "https://files.pythonhosted.org/packages/30/9d/2470df6aa146aff4c65fee0f87f58d2164a67533c771c9cc12ffcdb865d5/coverage-7.6.10-cp313-cp313-musllinux_1_2_i686.whl", hash = "sha256:2396e8116db77789f819d2bc8a7e200232b7a282c66e0ae2d2cd84581a89757e", size = 237922, upload-time = "2024-12-26T16:58:20.198Z" },
    { url = "https://files.pythonhosted.org/packages/08/dd/723fef5d901e6a89f2507094db66c091449c8ba03272861eaefa773ad95c/coverage-7.6.10-cp313-cp313-musllinux_1_2_x86_64.whl", hash = "sha256:79109c70cc0882e4d2d002fe69a24aa504dec0cc17169b3c7f41a1d341a73694", size = 239783, upload-time = "2024-12-26T16:58:23.614Z" },
    { url = "https://files.pythonhosted.org/packages/3d/f7/64d3298b2baf261cb35466000628706ce20a82d42faf9b771af447cd2b76/coverage-7.6.10-cp313-cp313-win32.whl", hash = "sha256:9e1747bab246d6ff2c4f28b4d186b205adced9f7bd9dc362051cc37c4a0c7bd6", size = 210965, upload-time = "2024-12-26T16:58:26.765Z" },
    { url = "https://files.pythonhosted.org/packages/d5/58/ec43499a7fc681212fe7742fe90b2bc361cdb72e3181ace1604247a5b24d/coverage-7.6.10-cp313-cp313-win_amd64.whl", hash = "sha256:254f1a3b1eef5f7ed23ef265eaa89c65c8c5b6b257327c149db1ca9d4a35f25e", size = 211719, upload-time = "2024-12-26T16:58:28.781Z" },
    { url = "https://files.pythonhosted.org/packages/ab/c9/f2857a135bcff4330c1e90e7d03446b036b2363d4ad37eb5e3a47bbac8a6/coverage-7.6.10-cp313-cp313t-macosx_10_13_x86_64.whl", hash = "sha256:2ccf240eb719789cedbb9fd1338055de2761088202a9a0b73032857e53f612fe", size = 209050, upload-time = "2024-12-26T16:58:31.616Z" },
    { url = "https://files.pythonhosted.org/packages/aa/b3/f840e5bd777d8433caa9e4a1eb20503495709f697341ac1a8ee6a3c906ad/coverage-7.6.10-cp313-cp313t-macosx_11_0_arm64.whl", hash = "sha256:0c807ca74d5a5e64427c8805de15b9ca140bba13572d6d74e262f46f50b13273", size = 209321, upload-time = "2024-12-26T16:58:34.509Z" },
    { url = "https://files.pythonhosted.org/packages/85/7d/125a5362180fcc1c03d91850fc020f3831d5cda09319522bcfa6b2b70be7/coverage-7.6.10-cp313-cp313t-manylinux_2_17_aarch64.manylinux2014_aarch64.whl", hash = "sha256:2bcfa46d7709b5a7ffe089075799b902020b62e7ee56ebaed2f4bdac04c508d8", size = 252039, upload-time = "2024-12-26T16:58:36.072Z" },
    { url = "https://files.pythonhosted.org/packages/a9/9c/4358bf3c74baf1f9bddd2baf3756b54c07f2cfd2535f0a47f1e7757e54b3/coverage-7.6.10-cp313-cp313t-manylinux_2_5_i686.manylinux1_i686.manylinux_2_17_i686.manylinux2014_i686.whl", hash = "sha256:4e0de1e902669dccbf80b0415fb6b43d27edca2fbd48c74da378923b05316098", size = 247758, upload-time = "2024-12-26T16:58:39.458Z" },
    { url = "https://files.pythonhosted.org/packages/cf/c7/de3eb6fc5263b26fab5cda3de7a0f80e317597a4bad4781859f72885f300/coverage-7.6.10-cp313-cp313t-manylinux_2_5_x86_64.manylinux1_x86_64.manylinux_2_17_x86_64.manylinux2014_x86_64.whl", hash = "sha256:3f7b444c42bbc533aaae6b5a2166fd1a797cdb5eb58ee51a92bee1eb94a1e1cb", size = 250119, upload-time = "2024-12-26T16:58:41.018Z" },
    { url = "https://files.pythonhosted.org/packages/3e/e6/43de91f8ba2ec9140c6a4af1102141712949903dc732cf739167cfa7a3bc/coverage-7.6.10-cp313-cp313t-musllinux_1_2_aarch64.whl", hash = "sha256:b330368cb99ef72fcd2dc3ed260adf67b31499584dc8a20225e85bfe6f6cfed0", size = 249597, upload-time = "2024-12-26T16:58:42.827Z" },
    { url = "https://files.pythonhosted.org/packages/08/40/61158b5499aa2adf9e37bc6d0117e8f6788625b283d51e7e0c53cf340530/coverage-7.6.10-cp313-cp313t-musllinux_1_2_i686.whl", hash = "sha256:9a7cfb50515f87f7ed30bc882f68812fd98bc2852957df69f3003d22a2aa0abf", size = 247473, upload-time = "2024-12-26T16:58:44.486Z" },
    { url = "https://files.pythonhosted.org/packages/50/69/b3f2416725621e9f112e74e8470793d5b5995f146f596f133678a633b77e/coverage-7.6.10-cp313-cp313t-musllinux_1_2_x86_64.whl", hash = "sha256:6f93531882a5f68c28090f901b1d135de61b56331bba82028489bc51bdd818d2", size = 248737, upload-time = "2024-12-26T16:58:45.919Z" },
    { url = "https://files.pythonhosted.org/packages/3c/6e/fe899fb937657db6df31cc3e61c6968cb56d36d7326361847440a430152e/coverage-7.6.10-cp313-cp313t-win32.whl", hash = "sha256:89d76815a26197c858f53c7f6a656686ec392b25991f9e409bcef020cd532312", size = 211611, upload-time = "2024-12-26T16:58:47.883Z" },
    { url = "https://files.pythonhosted.org/packages/1c/55/52f5e66142a9d7bc93a15192eba7a78513d2abf6b3558d77b4ca32f5f424/coverage-7.6.10-cp313-cp313t-win_amd64.whl", hash = "sha256:54a5f0f43950a36312155dae55c505a76cd7f2b12d26abeebbe7a0b36dbc868d", size = 212781, upload-time = "2024-12-26T16:58:50.822Z" },
    { url = "https://files.pythonhosted.org/packages/40/41/473617aadf9a1c15bc2d56be65d90d7c29bfa50a957a67ef96462f7ebf8e/coverage-7.6.10-cp39-cp39-macosx_10_9_x86_64.whl", hash = "sha256:656c82b8a0ead8bba147de9a89bda95064874c91a3ed43a00e687f23cc19d53a", size = 207978, upload-time = "2024-12-26T16:58:52.834Z" },
    { url = "https://files.pythonhosted.org/packages/10/f6/480586607768b39a30e6910a3c4522139094ac0f1677028e1f4823688957/coverage-7.6.10-cp39-cp39-macosx_11_0_arm64.whl", hash = "sha256:ccc2b70a7ed475c68ceb548bf69cec1e27305c1c2606a5eb7c3afff56a1b3b27", size = 208415, upload-time = "2024-12-26T16:58:56.317Z" },
    { url = "https://files.pythonhosted.org/packages/f1/af/439bb760f817deff6f4d38fe7da08d9dd7874a560241f1945bc3b4446550/coverage-7.6.10-cp39-cp39-manylinux_2_17_aarch64.manylinux2014_aarch64.whl", hash = "sha256:a5e37dc41d57ceba70956fa2fc5b63c26dba863c946ace9705f8eca99daecdc4", size = 236452, upload-time = "2024-12-26T16:58:59.158Z" },
    { url = "https://files.pythonhosted.org/packages/d0/13/481f4ceffcabe29ee2332e60efb52e4694f54a402f3ada2bcec10bb32e43/coverage-7.6.10-cp39-cp39-manylinux_2_5_i686.manylinux1_i686.manylinux_2_17_i686.manylinux2014_i686.whl", hash = "sha256:0aa9692b4fdd83a4647eeb7db46410ea1322b5ed94cd1715ef09d1d5922ba87f", size = 234374, upload-time = "2024-12-26T16:59:00.809Z" },
    { url = "https://files.pythonhosted.org/packages/c5/59/4607ea9d6b1b73e905c7656da08d0b00cdf6e59f2293ec259e8914160025/coverage-7.6.10-cp39-cp39-manylinux_2_5_x86_64.manylinux1_x86_64.manylinux_2_17_x86_64.manylinux2014_x86_64.whl", hash = "sha256:aa744da1820678b475e4ba3dfd994c321c5b13381d1041fe9c608620e6676e25", size = 235505, upload-time = "2024-12-26T16:59:03.869Z" },
    { url = "https://files.pythonhosted.org/packages/85/60/d66365723b9b7f29464b11d024248ed3523ce5aab958e4ad8c43f3f4148b/coverage-7.6.10-cp39-cp39-musllinux_1_2_aarch64.whl", hash = "sha256:c0b1818063dc9e9d838c09e3a473c1422f517889436dd980f5d721899e66f315", size = 234616, upload-time = "2024-12-26T16:59:05.876Z" },
    { url = "https://files.pythonhosted.org/packages/74/f8/2cf7a38e7d81b266f47dfcf137fecd8fa66c7bdbd4228d611628d8ca3437/coverage-7.6.10-cp39-cp39-musllinux_1_2_i686.whl", hash = "sha256:59af35558ba08b758aec4d56182b222976330ef8d2feacbb93964f576a7e7a90", size = 233099, upload-time = "2024-12-26T16:59:08.927Z" },
    { url = "https://files.pythonhosted.org/packages/50/2b/bff6c1c6b63c4396ea7ecdbf8db1788b46046c681b8fcc6ec77db9f4ea49/coverage-7.6.10-cp39-cp39-musllinux_1_2_x86_64.whl", hash = "sha256:7ed2f37cfce1ce101e6dffdfd1c99e729dd2ffc291d02d3e2d0af8b53d13840d", size = 234089, upload-time = "2024-12-26T16:59:10.574Z" },
    { url = "https://files.pythonhosted.org/packages/bf/b5/baace1c754d546a67779358341aa8d2f7118baf58cac235db457e1001d1b/coverage-7.6.10-cp39-cp39-win32.whl", hash = "sha256:4bcc276261505d82f0ad426870c3b12cb177752834a633e737ec5ee79bbdff18", size = 210701, upload-time = "2024-12-26T16:59:12.212Z" },
    { url = "https://files.pythonhosted.org/packages/b1/bf/9e1e95b8b20817398ecc5a1e8d3e05ff404e1b9fb2185cd71561698fe2a2/coverage-7.6.10-cp39-cp39-win_amd64.whl", hash = "sha256:457574f4599d2b00f7f637a0700a6422243b3565509457b2dbd3f50703e11f59", size = 211482, upload-time = "2024-12-26T16:59:15.165Z" },
    { url = "https://files.pythonhosted.org/packages/a1/70/de81bfec9ed38a64fc44a77c7665e20ca507fc3265597c28b0d989e4082e/coverage-7.6.10-pp39.pp310-none-any.whl", hash = "sha256:fd34e7b3405f0cc7ab03d54a334c17a9e802897580d964bd8c2001f4b9fd488f", size = 200223, upload-time = "2024-12-26T16:59:16.968Z" },
]

[[package]]
name = "isort"
version = "5.13.2"
source = { registry = "https://pypi.org/simple" }
sdist = { url = "https://files.pythonhosted.org/packages/87/f9/c1eb8635a24e87ade2efce21e3ce8cd6b8630bb685ddc9cdaca1349b2eb5/isort-5.13.2.tar.gz", hash = "sha256:48fdfcb9face5d58a4f6dde2e72a1fb8dcaf8ab26f95ab49fab84c2ddefb0109", size = 175303, upload-time = "2023-12-13T20:37:26.124Z" }
wheels = [
    { url = "https://files.pythonhosted.org/packages/d1/b3/8def84f539e7d2289a02f0524b944b15d7c75dab7628bedf1c4f0992029c/isort-5.13.2-py3-none-any.whl", hash = "sha256:8ca5e72a8d85860d5a3fa69b8745237f2939afe12dbf656afbcb47fe72d947a6", size = 92310, upload-time = "2023-12-13T20:37:23.244Z" },
]

[[package]]
name = "nose2"
version = "0.15.1"
source = { registry = "https://pypi.org/simple" }
sdist = { url = "https://files.pythonhosted.org/packages/9b/a6/f29c21026c40476ce3994ac55e16ef60b9c1d2a88d02c3fc20b07d253dab/nose2-0.15.1.tar.gz", hash = "sha256:36770f519df5becd3cbfe0bee4abbfbf9b9f6b4eb4e03361d282b7efcfc4f0df", size = 169809, upload-time = "2024-06-01T03:20:11.435Z" }
wheels = [
    { url = "https://files.pythonhosted.org/packages/87/e6/6babe53a1dbfa55f6d30eb7408f4c4994658e5f27e3dbbb2b437912e5a32/nose2-0.15.1-py3-none-any.whl", hash = "sha256:564450c0c4f1602dfe171902ceb4726cc56658af7a620ae1826f1ffc86b09a86", size = 211274, upload-time = "2024-06-01T03:20:04.423Z" },
]

[[package]]
name = "ruff"
version = "0.12.0"
source = { registry = "https://pypi.org/simple" }
sdist = { url = "https://files.pythonhosted.org/packages/24/90/5255432602c0b196a0da6720f6f76b93eb50baef46d3c9b0025e2f9acbf3/ruff-0.12.0.tar.gz", hash = "sha256:4d047db3662418d4a848a3fdbfaf17488b34b62f527ed6f10cb8afd78135bc5c", size = 4376101, upload-time = "2025-06-17T15:19:26.217Z" }
wheels = [
    { url = "https://files.pythonhosted.org/packages/e6/fd/b46bb20e14b11ff49dbc74c61de352e0dc07fb650189513631f6fb5fc69f/ruff-0.12.0-py3-none-linux_armv6l.whl", hash = "sha256:5652a9ecdb308a1754d96a68827755f28d5dfb416b06f60fd9e13f26191a8848", size = 10311554, upload-time = "2025-06-17T15:18:45.792Z" },
    { url = "https://files.pythonhosted.org/packages/e7/d3/021dde5a988fa3e25d2468d1dadeea0ae89dc4bc67d0140c6e68818a12a1/ruff-0.12.0-py3-none-macosx_10_12_x86_64.whl", hash = "sha256:05ed0c914fabc602fc1f3b42c53aa219e5736cb030cdd85640c32dbc73da74a6", size = 11118435, upload-time = "2025-06-17T15:18:49.064Z" },
    { url = "https://files.pythonhosted.org/packages/07/a2/01a5acf495265c667686ec418f19fd5c32bcc326d4c79ac28824aecd6a32/ruff-0.12.0-py3-none-macosx_11_0_arm64.whl", hash = "sha256:07a7aa9b69ac3fcfda3c507916d5d1bca10821fe3797d46bad10f2c6de1edda0", size = 10466010, upload-time = "2025-06-17T15:18:51.341Z" },
    { url = "https://files.pythonhosted.org/packages/4c/57/7caf31dd947d72e7aa06c60ecb19c135cad871a0a8a251723088132ce801/ruff-0.12.0-py3-none-manylinux_2_17_aarch64.manylinux2014_aarch64.whl", hash = "sha256:e7731c3eec50af71597243bace7ec6104616ca56dda2b99c89935fe926bdcd48", size = 10661366, upload-time = "2025-06-17T15:18:53.29Z" },
    { url = "https://files.pythonhosted.org/packages/e9/ba/aa393b972a782b4bc9ea121e0e358a18981980856190d7d2b6187f63e03a/ruff-0.12.0-py3-none-manylinux_2_17_armv7l.manylinux2014_armv7l.whl", hash = "sha256:952d0630eae628250ab1c70a7fffb641b03e6b4a2d3f3ec6c1d19b4ab6c6c807", size = 10173492, upload-time = "2025-06-17T15:18:55.262Z" },
    { url = "https://files.pythonhosted.org/packages/d7/50/9349ee777614bc3062fc6b038503a59b2034d09dd259daf8192f56c06720/ruff-0.12.0-py3-none-manylinux_2_17_i686.manylinux2014_i686.whl", hash = "sha256:c021f04ea06966b02614d442e94071781c424ab8e02ec7af2f037b4c1e01cc82", size = 11761739, upload-time = "2025-06-17T15:18:58.906Z" },
    { url = "https://files.pythonhosted.org/packages/04/8f/ad459de67c70ec112e2ba7206841c8f4eb340a03ee6a5cabc159fe558b8e/ruff-0.12.0-py3-none-manylinux_2_17_ppc64.manylinux2014_ppc64.whl", hash = "sha256:7d235618283718ee2fe14db07f954f9b2423700919dc688eacf3f8797a11315c", size = 12537098, upload-time = "2025-06-17T15:19:01.316Z" },
    { url = "https://files.pythonhosted.org/packages/ed/50/15ad9c80ebd3c4819f5bd8883e57329f538704ed57bac680d95cb6627527/ruff-0.12.0-py3-none-manylinux_2_17_ppc64le.manylinux2014_ppc64le.whl", hash = "sha256:0c0758038f81beec8cc52ca22de9685b8ae7f7cc18c013ec2050012862cc9165", size = 12154122, upload-time = "2025-06-17T15:19:03.727Z" },
    { url = "https://files.pythonhosted.org/packages/76/e6/79b91e41bc8cc3e78ee95c87093c6cacfa275c786e53c9b11b9358026b3d/ruff-0.12.0-py3-none-manylinux_2_17_s390x.manylinux2014_s390x.whl", hash = "sha256:139b3d28027987b78fc8d6cfb61165447bdf3740e650b7c480744873688808c2", size = 11363374, upload-time = "2025-06-17T15:19:05.875Z" },
    { url = "https://files.pythonhosted.org/packages/db/c3/82b292ff8a561850934549aa9dc39e2c4e783ab3c21debe55a495ddf7827/ruff-0.12.0-py3-none-manylinux_2_17_x86_64.manylinux2014_x86_64.whl", hash = "sha256:68853e8517b17bba004152aebd9dd77d5213e503a5f2789395b25f26acac0da4", size = 11587647, upload-time = "2025-06-17T15:19:08.246Z" },
    { url = "https://files.pythonhosted.org/packages/2b/42/d5760d742669f285909de1bbf50289baccb647b53e99b8a3b4f7ce1b2001/ruff-0.12.0-py3-none-musllinux_1_2_aarch64.whl", hash = "sha256:3a9512af224b9ac4757f7010843771da6b2b0935a9e5e76bb407caa901a1a514", size = 10527284, upload-time = "2025-06-17T15:19:10.37Z" },
    { url = "https://files.pythonhosted.org/packages/19/f6/fcee9935f25a8a8bba4adbae62495c39ef281256693962c2159e8b284c5f/ruff-0.12.0-py3-none-musllinux_1_2_armv7l.whl", hash = "sha256:b08df3d96db798e5beb488d4df03011874aff919a97dcc2dd8539bb2be5d6a88", size = 10158609, upload-time = "2025-06-17T15:19:12.286Z" },
    { url = "https://files.pythonhosted.org/packages/37/fb/057febf0eea07b9384787bfe197e8b3384aa05faa0d6bd844b94ceb29945/ruff-0.12.0-py3-none-musllinux_1_2_i686.whl", hash = "sha256:6a315992297a7435a66259073681bb0d8647a826b7a6de45c6934b2ca3a9ed51", size = 11141462, upload-time = "2025-06-17T15:19:15.195Z" },
    { url = "https://files.pythonhosted.org/packages/10/7c/1be8571011585914b9d23c95b15d07eec2d2303e94a03df58294bc9274d4/ruff-0.12.0-py3-none-musllinux_1_2_x86_64.whl", hash = "sha256:1e55e44e770e061f55a7dbc6e9aed47feea07731d809a3710feda2262d2d4d8a", size = 11641616, upload-time = "2025-06-17T15:19:17.6Z" },
    { url = "https://files.pythonhosted.org/packages/6a/ef/b960ab4818f90ff59e571d03c3f992828d4683561095e80f9ef31f3d58b7/ruff-0.12.0-py3-none-win32.whl", hash = "sha256:7162a4c816f8d1555eb195c46ae0bd819834d2a3f18f98cc63819a7b46f474fb", size = 10525289, upload-time = "2025-06-17T15:19:19.688Z" },
    { url = "https://files.pythonhosted.org/packages/34/93/8b16034d493ef958a500f17cda3496c63a537ce9d5a6479feec9558f1695/ruff-0.12.0-py3-none-win_amd64.whl", hash = "sha256:d00b7a157b8fb6d3827b49d3324da34a1e3f93492c1f97b08e222ad7e9b291e0", size = 11598311, upload-time = "2025-06-17T15:19:21.785Z" },
    { url = "https://files.pythonhosted.org/packages/d0/33/4d3e79e4a84533d6cd526bfb42c020a23256ae5e4265d858bd1287831f7d/ruff-0.12.0-py3-none-win_arm64.whl", hash = "sha256:8cd24580405ad8c1cc64d61725bca091d6b6da7eb3d36f72cc605467069d7e8b", size = 10724946, upload-time = "2025-06-17T15:19:23.952Z" },
]

[[package]]
name = "tomli"
version = "2.2.1"
source = { registry = "https://pypi.org/simple" }
sdist = { url = "https://files.pythonhosted.org/packages/18/87/302344fed471e44a87289cf4967697d07e532f2421fdaf868a303cbae4ff/tomli-2.2.1.tar.gz", hash = "sha256:cd45e1dc79c835ce60f7404ec8119f2eb06d38b1deba146f07ced3bbc44505ff", size = 17175, upload-time = "2024-11-27T22:38:36.873Z" }
wheels = [
    { url = "https://files.pythonhosted.org/packages/43/ca/75707e6efa2b37c77dadb324ae7d9571cb424e61ea73fad7c56c2d14527f/tomli-2.2.1-cp311-cp311-macosx_10_9_x86_64.whl", hash = "sha256:678e4fa69e4575eb77d103de3df8a895e1591b48e740211bd1067378c69e8249", size = 131077, upload-time = "2024-11-27T22:37:54.956Z" },
    { url = "https://files.pythonhosted.org/packages/c7/16/51ae563a8615d472fdbffc43a3f3d46588c264ac4f024f63f01283becfbb/tomli-2.2.1-cp311-cp311-macosx_11_0_arm64.whl", hash = "sha256:023aa114dd824ade0100497eb2318602af309e5a55595f76b626d6d9f3b7b0a6", size = 123429, upload-time = "2024-11-27T22:37:56.698Z" },
    { url = "https://files.pythonhosted.org/packages/f1/dd/4f6cd1e7b160041db83c694abc78e100473c15d54620083dbd5aae7b990e/tomli-2.2.1-cp311-cp311-manylinux_2_17_aarch64.manylinux2014_aarch64.whl", hash = "sha256:ece47d672db52ac607a3d9599a9d48dcb2f2f735c6c2d1f34130085bb12b112a", size = 226067, upload-time = "2024-11-27T22:37:57.63Z" },
    { url = "https://files.pythonhosted.org/packages/a9/6b/c54ede5dc70d648cc6361eaf429304b02f2871a345bbdd51e993d6cdf550/tomli-2.2.1-cp311-cp311-manylinux_2_17_x86_64.manylinux2014_x86_64.whl", hash = "sha256:6972ca9c9cc9f0acaa56a8ca1ff51e7af152a9f87fb64623e31d5c83700080ee", size = 236030, upload-time = "2024-11-27T22:37:59.344Z" },
    { url = "https://files.pythonhosted.org/packages/1f/47/999514fa49cfaf7a92c805a86c3c43f4215621855d151b61c602abb38091/tomli-2.2.1-cp311-cp311-manylinux_2_5_i686.manylinux1_i686.manylinux_2_17_i686.manylinux2014_i686.whl", hash = "sha256:c954d2250168d28797dd4e3ac5cf812a406cd5a92674ee4c8f123c889786aa8e", size = 240898, upload-time = "2024-11-27T22:38:00.429Z" },
    { url = "https://files.pythonhosted.org/packages/73/41/0a01279a7ae09ee1573b423318e7934674ce06eb33f50936655071d81a24/tomli-2.2.1-cp311-cp311-musllinux_1_2_aarch64.whl", hash = "sha256:8dd28b3e155b80f4d54beb40a441d366adcfe740969820caf156c019fb5c7ec4", size = 229894, upload-time = "2024-11-27T22:38:02.094Z" },
    { url = "https://files.pythonhosted.org/packages/55/18/5d8bc5b0a0362311ce4d18830a5d28943667599a60d20118074ea1b01bb7/tomli-2.2.1-cp311-cp311-musllinux_1_2_i686.whl", hash = "sha256:e59e304978767a54663af13c07b3d1af22ddee3bb2fb0618ca1593e4f593a106", size = 245319, upload-time = "2024-11-27T22:38:03.206Z" },
    { url = "https://files.pythonhosted.org/packages/92/a3/7ade0576d17f3cdf5ff44d61390d4b3febb8a9fc2b480c75c47ea048c646/tomli-2.2.1-cp311-cp311-musllinux_1_2_x86_64.whl", hash = "sha256:33580bccab0338d00994d7f16f4c4ec25b776af3ffaac1ed74e0b3fc95e885a8", size = 238273, upload-time = "2024-11-27T22:38:04.217Z" },
    { url = "https://files.pythonhosted.org/packages/72/6f/fa64ef058ac1446a1e51110c375339b3ec6be245af9d14c87c4a6412dd32/tomli-2.2.1-cp311-cp311-win32.whl", hash = "sha256:465af0e0875402f1d226519c9904f37254b3045fc5084697cefb9bdde1ff99ff", size = 98310, upload-time = "2024-11-27T22:38:05.908Z" },
    { url = "https://files.pythonhosted.org/packages/6a/1c/4a2dcde4a51b81be3530565e92eda625d94dafb46dbeb15069df4caffc34/tomli-2.2.1-cp311-cp311-win_amd64.whl", hash = "sha256:2d0f2fdd22b02c6d81637a3c95f8cd77f995846af7414c5c4b8d0545afa1bc4b", size = 108309, upload-time = "2024-11-27T22:38:06.812Z" },
    { url = "https://files.pythonhosted.org/packages/52/e1/f8af4c2fcde17500422858155aeb0d7e93477a0d59a98e56cbfe75070fd0/tomli-2.2.1-cp312-cp312-macosx_10_13_x86_64.whl", hash = "sha256:4a8f6e44de52d5e6c657c9fe83b562f5f4256d8ebbfe4ff922c495620a7f6cea", size = 132762, upload-time = "2024-11-27T22:38:07.731Z" },
    { url = "https://files.pythonhosted.org/packages/03/b8/152c68bb84fc00396b83e7bbddd5ec0bd3dd409db4195e2a9b3e398ad2e3/tomli-2.2.1-cp312-cp312-macosx_11_0_arm64.whl", hash = "sha256:8d57ca8095a641b8237d5b079147646153d22552f1c637fd3ba7f4b0b29167a8", size = 123453, upload-time = "2024-11-27T22:38:09.384Z" },
    { url = "https://files.pythonhosted.org/packages/c8/d6/fc9267af9166f79ac528ff7e8c55c8181ded34eb4b0e93daa767b8841573/tomli-2.2.1-cp312-cp312-manylinux_2_17_aarch64.manylinux2014_aarch64.whl", hash = "sha256:4e340144ad7ae1533cb897d406382b4b6fede8890a03738ff1683af800d54192", size = 233486, upload-time = "2024-11-27T22:38:10.329Z" },
    { url = "https://files.pythonhosted.org/packages/5c/51/51c3f2884d7bab89af25f678447ea7d297b53b5a3b5730a7cb2ef6069f07/tomli-2.2.1-cp312-cp312-manylinux_2_17_x86_64.manylinux2014_x86_64.whl", hash = "sha256:db2b95f9de79181805df90bedc5a5ab4c165e6ec3fe99f970d0e302f384ad222", size = 242349, upload-time = "2024-11-27T22:38:11.443Z" },
    { url = "https://files.pythonhosted.org/packages/ab/df/bfa89627d13a5cc22402e441e8a931ef2108403db390ff3345c05253935e/tomli-2.2.1-cp312-cp312-manylinux_2_5_i686.manylinux1_i686.manylinux_2_17_i686.manylinux2014_i686.whl", hash = "sha256:40741994320b232529c802f8bc86da4e1aa9f413db394617b9a256ae0f9a7f77", size = 252159, upload-time = "2024-11-27T22:38:13.099Z" },
    { url = "https://files.pythonhosted.org/packages/9e/6e/fa2b916dced65763a5168c6ccb91066f7639bdc88b48adda990db10c8c0b/tomli-2.2.1-cp312-cp312-musllinux_1_2_aarch64.whl", hash = "sha256:400e720fe168c0f8521520190686ef8ef033fb19fc493da09779e592861b78c6", size = 237243, upload-time = "2024-11-27T22:38:14.766Z" },
    { url = "https://files.pythonhosted.org/packages/b4/04/885d3b1f650e1153cbb93a6a9782c58a972b94ea4483ae4ac5cedd5e4a09/tomli-2.2.1-cp312-cp312-musllinux_1_2_i686.whl", hash = "sha256:02abe224de6ae62c19f090f68da4e27b10af2b93213d36cf44e6e1c5abd19fdd", size = 259645, upload-time = "2024-11-27T22:38:15.843Z" },
    { url = "https://files.pythonhosted.org/packages/9c/de/6b432d66e986e501586da298e28ebeefd3edc2c780f3ad73d22566034239/tomli-2.2.1-cp312-cp312-musllinux_1_2_x86_64.whl", hash = "sha256:b82ebccc8c8a36f2094e969560a1b836758481f3dc360ce9a3277c65f374285e", size = 244584, upload-time = "2024-11-27T22:38:17.645Z" },
    { url = "https://files.pythonhosted.org/packages/1c/9a/47c0449b98e6e7d1be6cbac02f93dd79003234ddc4aaab6ba07a9a7482e2/tomli-2.2.1-cp312-cp312-win32.whl", hash = "sha256:889f80ef92701b9dbb224e49ec87c645ce5df3fa2cc548664eb8a25e03127a98", size = 98875, upload-time = "2024-11-27T22:38:19.159Z" },
    { url = "https://files.pythonhosted.org/packages/ef/60/9b9638f081c6f1261e2688bd487625cd1e660d0a85bd469e91d8db969734/tomli-2.2.1-cp312-cp312-win_amd64.whl", hash = "sha256:7fc04e92e1d624a4a63c76474610238576942d6b8950a2d7f908a340494e67e4", size = 109418, upload-time = "2024-11-27T22:38:20.064Z" },
    { url = "https://files.pythonhosted.org/packages/04/90/2ee5f2e0362cb8a0b6499dc44f4d7d48f8fff06d28ba46e6f1eaa61a1388/tomli-2.2.1-cp313-cp313-macosx_10_13_x86_64.whl", hash = "sha256:f4039b9cbc3048b2416cc57ab3bda989a6fcf9b36cf8937f01a6e731b64f80d7", size = 132708, upload-time = "2024-11-27T22:38:21.659Z" },
    { url = "https://files.pythonhosted.org/packages/c0/ec/46b4108816de6b385141f082ba99e315501ccd0a2ea23db4a100dd3990ea/tomli-2.2.1-cp313-cp313-macosx_11_0_arm64.whl", hash = "sha256:286f0ca2ffeeb5b9bd4fcc8d6c330534323ec51b2f52da063b11c502da16f30c", size = 123582, upload-time = "2024-11-27T22:38:22.693Z" },
    { url = "https://files.pythonhosted.org/packages/a0/bd/b470466d0137b37b68d24556c38a0cc819e8febe392d5b199dcd7f578365/tomli-2.2.1-cp313-cp313-manylinux_2_17_aarch64.manylinux2014_aarch64.whl", hash = "sha256:a92ef1a44547e894e2a17d24e7557a5e85a9e1d0048b0b5e7541f76c5032cb13", size = 232543, upload-time = "2024-11-27T22:38:24.367Z" },
    { url = "https://files.pythonhosted.org/packages/d9/e5/82e80ff3b751373f7cead2815bcbe2d51c895b3c990686741a8e56ec42ab/tomli-2.2.1-cp313-cp313-manylinux_2_17_x86_64.manylinux2014_x86_64.whl", hash = "sha256:9316dc65bed1684c9a98ee68759ceaed29d229e985297003e494aa825ebb0281", size = 241691, upload-time = "2024-11-27T22:38:26.081Z" },
    { url = "https://files.pythonhosted.org/packages/05/7e/2a110bc2713557d6a1bfb06af23dd01e7dde52b6ee7dadc589868f9abfac/tomli-2.2.1-cp313-cp313-manylinux_2_5_i686.manylinux1_i686.manylinux_2_17_i686.manylinux2014_i686.whl", hash = "sha256:e85e99945e688e32d5a35c1ff38ed0b3f41f43fad8df0bdf79f72b2ba7bc5272", size = 251170, upload-time = "2024-11-27T22:38:27.921Z" },
    { url = "https://files.pythonhosted.org/packages/64/7b/22d713946efe00e0adbcdfd6d1aa119ae03fd0b60ebed51ebb3fa9f5a2e5/tomli-2.2.1-cp313-cp313-musllinux_1_2_aarch64.whl", hash = "sha256:ac065718db92ca818f8d6141b5f66369833d4a80a9d74435a268c52bdfa73140", size = 236530, upload-time = "2024-11-27T22:38:29.591Z" },
    { url = "https://files.pythonhosted.org/packages/38/31/3a76f67da4b0cf37b742ca76beaf819dca0ebef26d78fc794a576e08accf/tomli-2.2.1-cp313-cp313-musllinux_1_2_i686.whl", hash = "sha256:d920f33822747519673ee656a4b6ac33e382eca9d331c87770faa3eef562aeb2", size = 258666, upload-time = "2024-11-27T22:38:30.639Z" },
    { url = "https://files.pythonhosted.org/packages/07/10/5af1293da642aded87e8a988753945d0cf7e00a9452d3911dd3bb354c9e2/tomli-2.2.1-cp313-cp313-musllinux_1_2_x86_64.whl", hash = "sha256:a198f10c4d1b1375d7687bc25294306e551bf1abfa4eace6650070a5c1ae2744", size = 243954, upload-time = "2024-11-27T22:38:31.702Z" },
    { url = "https://files.pythonhosted.org/packages/5b/b9/1ed31d167be802da0fc95020d04cd27b7d7065cc6fbefdd2f9186f60d7bd/tomli-2.2.1-cp313-cp313-win32.whl", hash = "sha256:d3f5614314d758649ab2ab3a62d4f2004c825922f9e370b29416484086b264ec", size = 98724, upload-time = "2024-11-27T22:38:32.837Z" },
    { url = "https://files.pythonhosted.org/packages/c7/32/b0963458706accd9afcfeb867c0f9175a741bf7b19cd424230714d722198/tomli-2.2.1-cp313-cp313-win_amd64.whl", hash = "sha256:a38aa0308e754b0e3c67e344754dff64999ff9b513e691d0e786265c93583c69", size = 109383, upload-time = "2024-11-27T22:38:34.455Z" },
    { url = "https://files.pythonhosted.org/packages/6e/c2/61d3e0f47e2b74ef40a68b9e6ad5984f6241a942f7cd3bbfbdbd03861ea9/tomli-2.2.1-py3-none-any.whl", hash = "sha256:cb55c73c5f4408779d0cf3eef9f762b9c9f147a77de7b258bef0a5628adc85cc", size = 14257, upload-time = "2024-11-27T22:38:35.385Z" },
]

[[package]]
name = "typing-extensions"
version = "4.12.2"
source = { registry = "https://pypi.org/simple" }
sdist = { url = "https://files.pythonhosted.org/packages/df/db/f35a00659bc03fec321ba8bce9420de607a1d37f8342eee1863174c69557/typing_extensions-4.12.2.tar.gz", hash = "sha256:1a7ead55c7e559dd4dee8856e3a88b41225abfe1ce8df57b7c13915fe121ffb8", size = 85321, upload-time = "2024-06-07T18:52:15.995Z" }
wheels = [
    { url = "https://files.pythonhosted.org/packages/26/9f/ad63fc0248c5379346306f8668cda6e2e2e9c95e01216d2b8ffd9ff037d0/typing_extensions-4.12.2-py3-none-any.whl", hash = "sha256:04e5ca0351e0f3f85c6853954072df659d0d13fac324d0072316b67d7794700d", size = 37438, upload-time = "2024-06-07T18:52:13.582Z" },
]
